
Microsoft Visual Studio Solution File, Format Version 12.00
# Visual Studio Version 17
VisualStudioVersion = 17.11.35222.181
MinimumVisualStudioVersion = 10.0.40219.1
Project("{FAE04EC0-301F-11D3-BF4B-00C04F79EFBC}") = "VendingMachine", "VendingMachine\VendingMachine.csproj", "{DAA72D35-9F9D-4247-A93B-51FA804E19AA}"
EndProject
Global
	GlobalSection(SolutionConfigurationPlatforms) = preSolution
		Debug|Any CPU = Debug|Any CPU
		Release|Any CPU = Release|Any CPU
	EndGlobalSection
	GlobalSection(ProjectConfigurationPlatforms) = postSolution
		{DAA72D35-9F9D-4247-A93B-51FA804E19AA}.Debug|Any CPU.ActiveCfg = Debug|Any CPU
		{DAA72D35-9F9D-4247-A93B-51FA804E19AA}.Debug|Any CPU.Build.0 = Debug|Any CPU
		{DAA72D35-9F9D-4247-A93B-51FA804E19AA}.Release|Any CPU.ActiveCfg = Release|Any CPU
		{DAA72D35-9F9D-4247-A93B-51FA804E19AA}.Release|Any CPU.Build.0 = Release|Any CPU
	EndGlobalSection
	GlobalSection(SolutionProperties) = preSolution
		HideSolutionNode = FALSE
	EndGlobalSection
	GlobalSection(ExtensibilityGlobals) = postSolution
		SolutionGuid = {8D7F62A7-FD24-420B-9961-16F43E639A9E}
	EndGlobalSection
EndGlobal
