
Microsoft Visual Studio Solution File, Format Version 12.00
# Visual Studio Version 16
VisualStudioVersion = 16.0.810.20
MinimumVisualStudioVersion = 10.0.40219.1
Project("{FAE04EC0-301F-11D3-BF4B-00C04F79EFBC}") = "EntrustVendingMachine.Testers", "EntrustVendingMachine.Testers.csproj", "{FD344312-67E7-4FD8-96F6-EDEF5C8DA1BD}"
EndProject
Global
	GlobalSection(SolutionConfigurationPlatforms) = preSolution
		Debug|Any CPU = Debug|Any CPU
		Release|Any CPU = Release|Any CPU
	EndGlobalSection
	GlobalSection(ProjectConfigurationPlatforms) = postSolution
		{FD344312-67E7-4FD8-96F6-EDEF5C8DA1BD}.Debug|Any CPU.ActiveCfg = Debug|Any CPU
		{FD344312-67E7-4FD8-96F6-EDEF5C8DA1BD}.Debug|Any CPU.Build.0 = Debug|Any CPU
		{FD344312-67E7-4FD8-96F6-EDEF5C8DA1BD}.Release|Any CPU.ActiveCfg = Release|Any CPU
		{FD344312-67E7-4FD8-96F6-EDEF5C8DA1BD}.Release|Any CPU.Build.0 = Release|Any CPU
	EndGlobalSection
	GlobalSection(SolutionProperties) = preSolution
		HideSolutionNode = FALSE
	EndGlobalSection
	GlobalSection(ExtensibilityGlobals) = postSolution
		SolutionGuid = {AA53866D-AE77-4AF0-A102-8E082567F4AD}
	EndGlobalSection
EndGlobal
